// !$*UTF8*$!
{
	archiveVersion = 1;
	classes = {
	};
	objectVersion = 46;
	objects = {

/* Begin PBXBuildFile section */
		A903B3601BA8F7810076DC26 /* AppDelegate.swift in Sources */ = {isa = PBXBuildFile; fileRef = A903B35F1BA8F7810076DC26 /* AppDelegate.swift */; };
		A903B3621BA8F7810076DC26 /* ViewController.swift in Sources */ = {isa = PBXBuildFile; fileRef = A903B3611BA8F7810076DC26 /* ViewController.swift */; };
		A903B3651BA8F7810076DC26 /* Main.storyboard in Resources */ = {isa = PBXBuildFile; fileRef = A903B3631BA8F7810076DC26 /* Main.storyboard */; };
		A903B3671BA8F7810076DC26 /* Images.xcassets in Resources */ = {isa = PBXBuildFile; fileRef = A903B3661BA8F7810076DC26 /* Images.xcassets */; };
		A903B36A1BA8F7810076DC26 /* LaunchScreen.xib in Resources */ = {isa = PBXBuildFile; fileRef = A903B3681BA8F7810076DC26 /* LaunchScreen.xib */; };
		A903B3761BA8F7810076DC26 /* MemeMeTests.swift in Sources */ = {isa = PBXBuildFile; fileRef = A903B3751BA8F7810076DC26 /* MemeMeTests.swift */; };
/* End PBXBuildFile section */

/* Begin PBXContainerItemProxy section */
		A903B3701BA8F7810076DC26 /* PBXContainerItemProxy */ = {
			isa = PBXContainerItemProxy;
			containerPortal = A903B3521BA8F7810076DC26 /* Project object */;
			proxyType = 1;
			remoteGlobalIDString = A903B3591BA8F7810076DC26;
			remoteInfo = MemeMe;
		};
/* End PBXContainerItemProxy section */

/* Begin PBXFileReference section */
		A903B35A1BA8F7810076DC26 /* MemeMe.app */ = {isa = PBXFileReference; explicitFileType = wrapper.application; includeInIndex = 0; path = MemeMe.app; sourceTree = BUILT_PRODUCTS_DIR; };
		A903B35E1BA8F7810076DC26 /* Info.plist */ = {isa = PBXFileReference; lastKnownFileType = text.plist.xml; path = Info.plist; sourceTree = "<group>"; };
		A903B35F1BA8F7810076DC26 /* AppDelegate.swift */ = {isa = PBXFileReference; lastKnownFileType = sourcecode.swift; path = AppDelegate.swift; sourceTree = "<group>"; };
		A903B3611BA8F7810076DC26 /* ViewController.swift */ = {isa = PBXFileReference; lastKnownFileType = sourcecode.swift; path = ViewController.swift; sourceTree = "<group>"; };
		A903B3641BA8F7810076DC26 /* Base */ = {isa = PBXFileReference; lastKnownFileType = file.storyboard; name = Base; path = Base.lproj/Main.storyboard; sourceTree = "<group>"; };
		A903B3661BA8F7810076DC26 /* Images.xcassets */ = {isa = PBXFileReference; lastKnownFileType = folder.assetcatalog; path = Images.xcassets; sourceTree = "<group>"; };
		A903B3691BA8F7810076DC26 /* Base */ = {isa = PBXFileReference; lastKnownFileType = file.xib; name = Base; path = Base.lproj/LaunchScreen.xib; sourceTree = "<group>"; };
		A903B36F1BA8F7810076DC26 /* MemeMeTests.xctest */ = {isa = PBXFileReference; explicitFileType = wrapper.cfbundle; includeInIndex = 0; path = MemeMeTests.xctest; sourceTree = BUILT_PRODUCTS_DIR; };
		A903B3741BA8F7810076DC26 /* Info.plist */ = {isa = PBXFileReference; lastKnownFileType = text.plist.xml; path = Info.plist; sourceTree = "<group>"; };
		A903B3751BA8F7810076DC26 /* MemeMeTests.swift */ = {isa = PBXFileReference; lastKnownFileType = sourcecode.swift; path = MemeMeTests.swift; sourceTree = "<group>"; };
/* End PBXFileReference section */

/* Begin PBXFrameworksBuildPhase section */
		A903B3571BA8F7810076DC26 /* Frameworks */ = {
			isa = PBXFrameworksBuildPhase;
			buildActionMask = 2147483647;
			files = (
			);
			runOnlyForDeploymentPostprocessing = 0;
		};
		A903B36C1BA8F7810076DC26 /* Frameworks */ = {
			isa = PBXFrameworksBuildPhase;
			buildActionMask = 2147483647;
			files = (
			);
			runOnlyForDeploymentPostprocessing = 0;
		};
/* End PBXFrameworksBuildPhase section */

/* Begin PBXGroup section */
		A903B3511BA8F7810076DC26 = {
			isa = PBXGroup;
			children = (
				A903B35C1BA8F7810076DC26 /* MemeMe */,
				A903B3721BA8F7810076DC26 /* MemeMeTests */,
				A903B35B1BA8F7810076DC26 /* Products */,
			);
			sourceTree = "<group>";
		};
		A903B35B1BA8F7810076DC26 /* Products */ = {
			isa = PBXGroup;
			children = (
				A903B35A1BA8F7810076DC26 /* MemeMe.app */,
				A903B36F1BA8F7810076DC26 /* MemeMeTests.xctest */,
			);
			name = Products;
			sourceTree = "<group>";
		};
		A903B35C1BA8F7810076DC26 /* MemeMe */ = {
			isa = PBXGroup;
			children = (
				A903B35F1BA8F7810076DC26 /* AppDelegate.swift */,
				A903B3611BA8F7810076DC26 /* ViewController.swift */,
				A903B3631BA8F7810076DC26 /* Main.storyboard */,
				A903B3661BA8F7810076DC26 /* Images.xcassets */,
				A903B3681BA8F7810076DC26 /* LaunchScreen.xib */,
				A903B35D1BA8F7810076DC26 /* Supporting Files */,
			);
			path = MemeMe;
			sourceTree = "<group>";
		};
		A903B35D1BA8F7810076DC26 /* Supporting Files */ = {
			isa = PBXGroup;
			children = (
				A903B35E1BA8F7810076DC26 /* Info.plist */,
			);
			name = "Supporting Files";
			sourceTree = "<group>";
		};
		A903B3721BA8F7810076DC26 /* MemeMeTests */ = {
			isa = PBXGroup;
			children = (
				A903B3751BA8F7810076DC26 /* MemeMeTests.swift */,
				A903B3731BA8F7810076DC26 /* Supporting Files */,
			);
			path = MemeMeTests;
			sourceTree = "<group>";
		};
		A903B3731BA8F7810076DC26 /* Supporting Files */ = {
			isa = PBXGroup;
			children = (
				A903B3741BA8F7810076DC26 /* Info.plist */,
			);
			name = "Supporting Files";
			sourceTree = "<group>";
		};
/* End PBXGroup section */

/* Begin PBXNativeTarget section */
		A903B3591BA8F7810076DC26 /* MemeMe */ = {
			isa = PBXNativeTarget;
			buildConfigurationList = A903B3791BA8F7810076DC26 /* Build configuration list for PBXNativeTarget "MemeMe" */;
			buildPhases = (
				A903B3561BA8F7810076DC26 /* Sources */,
				A903B3571BA8F7810076DC26 /* Frameworks */,
				A903B3581BA8F7810076DC26 /* Resources */,
			);
			buildRules = (
			);
			dependencies = (
			);
			name = MemeMe;
			productName = MemeMe;
			productReference = A903B35A1BA8F7810076DC26 /* MemeMe.app */;
			productType = "com.apple.product-type.application";
		};
		A903B36E1BA8F7810076DC26 /* MemeMeTests */ = {
			isa = PBXNativeTarget;
			buildConfigurationList = A903B37C1BA8F7810076DC26 /* Build configuration list for PBXNativeTarget "MemeMeTests" */;
			buildPhases = (
				A903B36B1BA8F7810076DC26 /* Sources */,
				A903B36C1BA8F7810076DC26 /* Frameworks */,
				A903B36D1BA8F7810076DC26 /* Resources */,
			);
			buildRules = (
			);
			dependencies = (
				A903B3711BA8F7810076DC26 /* PBXTargetDependency */,
			);
			name = MemeMeTests;
			productName = MemeMeTests;
			productReference = A903B36F1BA8F7810076DC26 /* MemeMeTests.xctest */;
			productType = "com.apple.product-type.bundle.unit-test";
		};
/* End PBXNativeTarget section */

/* Begin PBXProject section */
		A903B3521BA8F7810076DC26 /* Project object */ = {
			isa = PBXProject;
			attributes = {
				LastSwiftUpdateCheck = 0700;
				LastUpgradeCheck = 0640;
				ORGANIZATIONNAME = "Yunpeng Zhang";
				TargetAttributes = {
					A903B3591BA8F7810076DC26 = {
						CreatedOnToolsVersion = 6.4;
					};
					A903B36E1BA8F7810076DC26 = {
						CreatedOnToolsVersion = 6.4;
						TestTargetID = A903B3591BA8F7810076DC26;
					};
				};
			};
			buildConfigurationList = A903B3551BA8F7810076DC26 /* Build configuration list for PBXProject "MemeMe" */;
			compatibilityVersion = "Xcode 3.2";
			developmentRegion = English;
			hasScannedForEncodings = 0;
			knownRegions = (
				en,
				Base,
			);
			mainGroup = A903B3511BA8F7810076DC26;
			productRefGroup = A903B35B1BA8F7810076DC26 /* Products */;
			projectDirPath = "";
			projectRoot = "";
			targets = (
				A903B3591BA8F7810076DC26 /* MemeMe */,
				A903B36E1BA8F7810076DC26 /* MemeMeTests */,
			);
		};
/* End PBXProject section */

/* Begin PBXResourcesBuildPhase section */
		A903B3581BA8F7810076DC26 /* Resources */ = {
			isa = PBXResourcesBuildPhase;
			buildActionMask = 2147483647;
			files = (
				A903B3651BA8F7810076DC26 /* Main.storyboard in Resources */,
				A903B36A1BA8F7810076DC26 /* LaunchScreen.xib in Resources */,
				A903B3671BA8F7810076DC26 /* Images.xcassets in Resources */,
			);
			runOnlyForDeploymentPostprocessing = 0;
		};
		A903B36D1BA8F7810076DC26 /* Resources */ = {
			isa = PBXResourcesBuildPhase;
			buildActionMask = 2147483647;
			files = (
			);
			runOnlyForDeploymentPostprocessing = 0;
		};
/* End PBXResourcesBuildPhase section */

/* Begin PBXSourcesBuildPhase section */
		A903B3561BA8F7810076DC26 /* Sources */ = {
			isa = PBXSourcesBuildPhase;
			buildActionMask = 2147483647;
			files = (
				A903B3621BA8F7810076DC26 /* ViewController.swift in Sources */,
				A903B3601BA8F7810076DC26 /* AppDelegate.swift in Sources */,
			);
			runOnlyForDeploymentPostprocessing = 0;
		};
		A903B36B1BA8F7810076DC26 /* Sources */ = {
			isa = PBXSourcesBuildPhase;
			buildActionMask = 2147483647;
			files = (
				A903B3761BA8F7810076DC26 /* MemeMeTests.swift in Sources */,
			);
			runOnlyForDeploymentPostprocessing = 0;
		};
/* End PBXSourcesBuildPhase section */

/* Begin PBXTargetDependency section */
		A903B3711BA8F7810076DC26 /* PBXTargetDependency */ = {
			isa = PBXTargetDependency;
			target = A903B3591BA8F7810076DC26 /* MemeMe */;
			targetProxy = A903B3701BA8F7810076DC26 /* PBXContainerItemProxy */;
		};
/* End PBXTargetDependency section */

/* Begin PBXVariantGroup section */
		A903B3631BA8F7810076DC26 /* Main.storyboard */ = {
			isa = PBXVariantGroup;
			children = (
				A903B3641BA8F7810076DC26 /* Base */,
			);
			name = Main.storyboard;
			sourceTree = "<group>";
		};
		A903B3681BA8F7810076DC26 /* LaunchScreen.xib */ = {
			isa = PBXVariantGroup;
			children = (
				A903B3691BA8F7810076DC26 /* Base */,
			);
			name = LaunchScreen.xib;
			sourceTree = "<group>";
		};
/* End PBXVariantGroup section */

/* Begin XCBuildConfiguration section */
		A903B3771BA8F7810076DC26 /* Debug */ = {
			isa = XCBuildConfiguration;
			buildSettings = {
				ALWAYS_SEARCH_USER_PATHS = NO;
				CLANG_CXX_LANGUAGE_STANDARD = "gnu++0x";
				CLANG_CXX_LIBRARY = "libc++";
				CLANG_ENABLE_MODULES = YES;
				CLANG_ENABLE_OBJC_ARC = YES;
				CLANG_WARN_BOOL_CONVERSION = YES;
				CLANG_WARN_CONSTANT_CONVERSION = YES;
				CLANG_WARN_DIRECT_OBJC_ISA_USAGE = YES_ERROR;
				CLANG_WARN_EMPTY_BODY = YES;
				CLANG_WARN_ENUM_CONVERSION = YES;
				CLANG_WARN_INT_CONVERSION = YES;
				CLANG_WARN_OBJC_ROOT_CLASS = YES_ERROR;
				CLANG_WARN_UNREACHABLE_CODE = YES;
				CLANG_WARN__DUPLICATE_METHOD_MATCH = YES;
				"CODE_SIGN_IDENTITY[sdk=iphoneos*]" = "iPhone Developer";
				COPY_PHASE_STRIP = NO;
				DEBUG_INFORMATION_FORMAT = "dwarf-with-dsym";
				ENABLE_STRICT_OBJC_MSGSEND = YES;
				GCC_C_LANGUAGE_STANDARD = gnu99;
				GCC_DYNAMIC_NO_PIC = NO;
				GCC_NO_COMMON_BLOCKS = YES;
				GCC_OPTIMIZATION_LEVEL = 0;
				GCC_PREPROCESSOR_DEFINITIONS = (
					"DEBUG=1",
					"$(inherited)",
				);
				GCC_SYMBOLS_PRIVATE_EXTERN = NO;
				GCC_WARN_64_TO_32_BIT_CONVERSION = YES;
				GCC_WARN_ABOUT_RETURN_TYPE = YES_ERROR;
				GCC_WARN_UNDECLARED_SELECTOR = YES;
				GCC_WARN_UNINITIALIZED_AUTOS = YES_AGGRESSIVE;
				GCC_WARN_UNUSED_FUNCTION = YES;
				GCC_WARN_UNUSED_VARIABLE = YES;
				IPHONEOS_DEPLOYMENT_TARGET = 8.4;
				MTL_ENABLE_DEBUG_INFO = YES;
				ONLY_ACTIVE_ARCH = YES;
				SDKROOT = iphoneos;
				SWIFT_OPTIMIZATION_LEVEL = "-Onone";
				TARGETED_DEVICE_FAMILY = "1,2";
			};
			name = Debug;
		};
		A903B3781BA8F7810076DC26 /* Release */ = {
			isa = XCBuildConfiguration;
			buildSettings = {
				ALWAYS_SEARCH_USER_PATHS = NO;
				CLANG_CXX_LANGUAGE_STANDARD = "gnu++0x";
				CLANG_CXX_LIBRARY = "libc++";
				CLANG_ENABLE_MODULES = YES;
				CLANG_ENABLE_OBJC_ARC = YES;
				CLANG_WARN_BOOL_CONVERSION = YES;
				CLANG_WARN_CONSTANT_CONVERSION = YES;
				CLANG_WARN_DIRECT_OBJC_ISA_USAGE = YES_ERROR;
				CLANG_WARN_EMPTY_BODY = YES;
				CLANG_WARN_ENUM_CONVERSION = YES;
				CLANG_WARN_INT_CONVERSION = YES;
				CLANG_WARN_OBJC_ROOT_CLASS = YES_ERROR;
				CLANG_WARN_UNREACHABLE_CODE = YES;
				CLANG_WARN__DUPLICATE_METHOD_MATCH = YES;
				"CODE_SIGN_IDENTITY[sdk=iphoneos*]" = "iPhone Developer";
				COPY_PHASE_STRIP = NO;
				DEBUG_INFORMATION_FORMAT = "dwarf-with-dsym";
				ENABLE_NS_ASSERTIONS = NO;
				ENABLE_STRICT_OBJC_MSGSEND = YES;
				GCC_C_LANGUAGE_STANDARD = gnu99;
				GCC_NO_COMMON_BLOCKS = YES;
				GCC_WARN_64_TO_32_BIT_CONVERSION = YES;
				GCC_WARN_ABOUT_RETURN_TYPE = YES_ERROR;
				GCC_WARN_UNDECLARED_SELECTOR = YES;
				GCC_WARN_UNINITIALIZED_AUTOS = YES_AGGRESSIVE;
				GCC_WARN_UNUSED_FUNCTION = YES;
				GCC_WARN_UNUSED_VARIABLE = YES;
				IPHONEOS_DEPLOYMENT_TARGET = 8.4;
				MTL_ENABLE_DEBUG_INFO = NO;
				SDKROOT = iphoneos;
				TARGETED_DEVICE_FAMILY = "1,2";
				VALIDATE_PRODUCT = YES;
			};
			name = Release;
		};
		A903B37A1BA8F7810076DC26 /* Debug */ = {
			isa = XCBuildConfiguration;
			buildSettings = {
				ASSETCATALOG_COMPILER_APPICON_NAME = AppIcon;
				INFOPLIST_FILE = MemeMe/Info.plist;
				LD_RUNPATH_SEARCH_PATHS = "$(inherited) @executable_path/Frameworks";
				PRODUCT_NAME = "$(TARGET_NAME)";
			};
			name = Debug;
		};
		A903B37B1BA8F7810076DC26 /* Release */ = {
			isa = XCBuildConfiguration;
			buildSettings = {
				ASSETCATALOG_COMPILER_APPICON_NAME = AppIcon;
				INFOPLIST_FILE = MemeMe/Info.plist;
				LD_RUNPATH_SEARCH_PATHS = "$(inherited) @executable_path/Frameworks";
				PRODUCT_NAME = "$(TARGET_NAME)";
			};
			name = Release;
		};
		A903B37D1BA8F7810076DC26 /* Debug */ = {
			isa = XCBuildConfiguration;
			buildSettings = {
				BUNDLE_LOADER = "$(TEST_HOST)";
				FRAMEWORK_SEARCH_PATHS = (
					"$(SDKROOT)/Developer/Library/Frameworks",
					"$(inherited)",
				);
				GCC_PREPROCESSOR_DEFINITIONS = (
					"DEBUG=1",
					"$(inherited)",
				);
				INFOPLIST_FILE = MemeMeTests/Info.plist;
				LD_RUNPATH_SEARCH_PATHS = "$(inherited) @executable_path/Frameworks @loader_path/Frameworks";
				PRODUCT_NAME = "$(TARGET_NAME)";
				TEST_HOST = "$(BUILT_PRODUCTS_DIR)/MemeMe.app/MemeMe";
			};
			name = Debug;
		};
		A903B37E1BA8F7810076DC26 /* Release */ = {
			isa = XCBuildConfiguration;
			buildSettings = {
				BUNDLE_LOADER = "$(TEST_HOST)";
				FRAMEWORK_SEARCH_PATHS = (
					"$(SDKROOT)/Developer/Library/Frameworks",
					"$(inherited)",
				);
				INFOPLIST_FILE = MemeMeTests/Info.plist;
				LD_RUNPATH_SEARCH_PATHS = "$(inherited) @executable_path/Frameworks @loader_path/Frameworks";
				PRODUCT_NAME = "$(TARGET_NAME)";
				TEST_HOST = "$(BUILT_PRODUCTS_DIR)/MemeMe.app/MemeMe";
			};
			name = Release;
		};
/* End XCBuildConfiguration section */

/* Begin XCConfigurationList section */
		A903B3551BA8F7810076DC26 /* Build configuration list for PBXProject "MemeMe" */ = {
			isa = XCConfigurationList;
			buildConfigurations = (
				A903B3771BA8F7810076DC26 /* Debug */,
				A903B3781BA8F7810076DC26 /* Release */,
			);
			defaultConfigurationIsVisible = 0;
			defaultConfigurationName = Release;
		};
		A903B3791BA8F7810076DC26 /* Build configuration list for PBXNativeTarget "MemeMe" */ = {
			isa = XCConfigurationList;
			buildConfigurations = (
				A903B37A1BA8F7810076DC26 /* Debug */,
				A903B37B1BA8F7810076DC26 /* Release */,
			);
			defaultConfigurationIsVisible = 0;
			defaultConfigurationName = Release;
		};
		A903B37C1BA8F7810076DC26 /* Build configuration list for PBXNativeTarget "MemeMeTests" */ = {
			isa = XCConfigurationList;
			buildConfigurations = (
				A903B37D1BA8F7810076DC26 /* Debug */,
				A903B37E1BA8F7810076DC26 /* Release */,
			);
			defaultConfigurationIsVisible = 0;
			defaultConfigurationName = Release;
		};
/* End XCConfigurationList section */
	};
	rootObject = A903B3521BA8F7810076DC26 /* Project object */;
}
